
Microsoft Visual Studio Solution File, Format Version 12.00
# Visual Studio 15
VisualStudioVersion = 15.0.27004.2010
MinimumVisualStudioVersion = 10.0.40219.1
Project("{2150E333-8FDC-42A3-9474-1A3956D46DE8}") = "src", "src", "{7F2B51E5-EF3E-499C-8794-BC85233D854E}"
EndProject
Project("{9A19103F-16F7-4668-BE54-9A1E7A4F7556}") = "Cosmos.Business.Extensions.SMS", "src\Cosmos.Business.Extensions.SMS\Cosmos.Business.Extensions.SMS.csproj", "{22444662-1567-442B-9A38-7F55CEB9DE28}"
EndProject
Project("{9A19103F-16F7-4668-BE54-9A1E7A4F7556}") = "Cosmos.Business.Extensions.SMS.SendCloud", "src\Cosmos.Business.Extensions.SMS.SendCloud\Cosmos.Business.Extensions.SMS.SendCloud.csproj", "{A760680F-8FFE-45BB-95DA-0EC5B59048BF}"
EndProject
Project("{2150E333-8FDC-42A3-9474-1A3956D46DE8}") = "tests", "tests", "{FD180CE3-384B-4A03-B2D2-AC18ADAF2E7F}"
EndProject
Project("{9A19103F-16F7-4668-BE54-9A1E7A4F7556}") = "Cosmos.Business.Extensions.SMS.SendCloud.Tests", "tests\Cosmos.Business.Extensions.SMS.SendCloud.Tests\Cosmos.Business.Extensions.SMS.SendCloud.Tests.csproj", "{FB05BDF2-9CD1-4871-A3D6-2FB346AFD5E8}"
EndProject
Project("{9A19103F-16F7-4668-BE54-9A1E7A4F7556}") = "Cosmos.Business.Extensions.SMS.ChuangLan", "src\Cosmos.Business.Extensions.SMS.ChuangLan\Cosmos.Business.Extensions.SMS.ChuangLan.csproj", "{1E327F59-F426-466A-989B-95C8A6B220AD}"
EndProject
Project("{FAE04EC0-301F-11D3-BF4B-00C04F79EFBC}") = "Cosmos.Business.Extensions.SMS.ChuangLan.Tests", "tests\Cosmos.Business.Extensions.SMS.ChuangLan.Tests\Cosmos.Business.Extensions.SMS.ChuangLan.Tests.csproj", "{8808C9CB-E2E1-49FA-9399-696EEA8B4418}"
EndProject
Project("{FAE04EC0-301F-11D3-BF4B-00C04F79EFBC}") = "Cosmos.Business.Extensions.SMS.Aliyun", "src\Cosmos.Business.Extensions.SMS.Aliyun\Cosmos.Business.Extensions.SMS.Aliyun.csproj", "{2B4E0E72-1229-449D-8F0C-01320ABF5479}"
EndProject
Project("{2150E333-8FDC-42A3-9474-1A3956D46DE8}") = "core", "core", "{7F2670DE-BE26-48FE-A6EA-34D6263A18EB}"
EndProject
Project("{FAE04EC0-301F-11D3-BF4B-00C04F79EFBC}") = "Cosmos.Business.Extensions.SMS.AliDayu", "src\Cosmos.Business.Extensions.SMS.AliDayu\Cosmos.Business.Extensions.SMS.AliDayu.csproj", "{1FD97D6E-E302-46C2-B02B-46B2B0CAFAAF}"
EndProject
Project("{FAE04EC0-301F-11D3-BF4B-00C04F79EFBC}") = "Cosmos.Business.Extensions.SMS.BaiduYun", "src\Cosmos.Business.Extensions.SMS.BaiduYun\Cosmos.Business.Extensions.SMS.BaiduYun.csproj", "{A4B012FB-42EB-41D3-AFA4-B31DBC47C5DC}"
EndProject
Project("{FAE04EC0-301F-11D3-BF4B-00C04F79EFBC}") = "Cosmos.Business.Extensions.SMS.Huaxin", "src\Cosmos.Business.Extensions.SMS.Huaxin\Cosmos.Business.Extensions.SMS.Huaxin.csproj", "{C666BE51-2361-41BB-8A14-3BD60BA04C19}"
EndProject
Project("{FAE04EC0-301F-11D3-BF4B-00C04F79EFBC}") = "Cosmos.Business.Extensions.SMS.Huyi", "src\Cosmos.Business.Extensions.SMS.Huyi\Cosmos.Business.Extensions.SMS.Huyi.csproj", "{69DB1363-3891-4590-8B54-858B7A148A0E}"
EndProject
Project("{FAE04EC0-301F-11D3-BF4B-00C04F79EFBC}") = "Cosmos.Business.Extensions.SMS.Juhe", "src\Cosmos.Business.Extensions.SMS.Juhe\Cosmos.Business.Extensions.SMS.Juhe.csproj", "{5E10A226-5418-40CA-B02D-95FD38DBE940}"
EndProject
Project("{FAE04EC0-301F-11D3-BF4B-00C04F79EFBC}") = "Cosmos.Business.Extensions.SMS.Luosimao", "src\Cosmos.Business.Extensions.SMS.Luosimao\Cosmos.Business.Extensions.SMS.Luosimao.csproj", "{B3D01BB0-4588-48F1-B74E-1A2CED6398A7}"
EndProject
Project("{FAE04EC0-301F-11D3-BF4B-00C04F79EFBC}") = "Cosmos.Business.Extensions.SMS.TianyiWuxian", "src\Cosmos.Business.Extensions.SMS.TianyiWuxian\Cosmos.Business.Extensions.SMS.TianyiWuxian.csproj", "{6CDC2199-87A0-4326-AAE2-DD006335E96C}"
EndProject
Project("{FAE04EC0-301F-11D3-BF4B-00C04F79EFBC}") = "Cosmos.Business.Extensions.SMS.TencentCloud", "src\Cosmos.Business.Extensions.SMS.TencentCloud\Cosmos.Business.Extensions.SMS.TencentCloud.csproj", "{74C0C795-8D04-428A-BB1D-4A1F918FC87D}"
EndProject
Project("{FAE04EC0-301F-11D3-BF4B-00C04F79EFBC}") = "Cosmos.Business.Extensions.SMS.RongCloud", "src\Cosmos.Business.Extensions.SMS.RongCloud\Cosmos.Business.Extensions.SMS.RongCloud.csproj", "{42EA0040-BCD2-4228-B443-0B5387DEE3E8}"
EndProject
Project("{FAE04EC0-301F-11D3-BF4B-00C04F79EFBC}") = "Cosmos.Business.Extensions.SMS.SubMail", "src\Cosmos.Business.Extensions.SMS.SubMail\Cosmos.Business.Extensions.SMS.SubMail.csproj", "{2513FC3A-AFEA-4436-8067-F969D6DF7BD2}"
EndProject
Project("{FAE04EC0-301F-11D3-BF4B-00C04F79EFBC}") = "Cosmos.Business.Extensions.SMS.Yunpian", "src\Cosmos.Business.Extensions.SMS.Yunpian\Cosmos.Business.Extensions.SMS.Yunpian.csproj", "{1A5EE1C5-7FFC-40E9-865E-3759BBA9EA9A}"
EndProject
Project("{FAE04EC0-301F-11D3-BF4B-00C04F79EFBC}") = "Cosmos.Business.Extensions.SMS.Twilio", "src\Cosmos.Business.Extensions.SMS.Twilio\Cosmos.Business.Extensions.SMS.Twilio.csproj", "{BA830AE8-2B2B-471D-87E7-192E1D065B8D}"
EndProject
Project("{FAE04EC0-301F-11D3-BF4B-00C04F79EFBC}") = "Cosmos.Business.Extensions.SMS.Yuntongxun", "src\Cosmos.Business.Extensions.SMS.Yuntongxun\Cosmos.Business.Extensions.SMS.Yuntongxun.csproj", "{FDCDE1AA-3B2A-430D-B152-5728C1142FB3}"
EndProject
Project("{FAE04EC0-301F-11D3-BF4B-00C04F79EFBC}") = "Cosmos.Business.Extensions.SMS.Weimi", "src\Cosmos.Business.Extensions.SMS.Weimi\Cosmos.Business.Extensions.SMS.Weimi.csproj", "{43834C9B-D4F2-4956-B215-6BDCDF6D262A}"
EndProject
Project("{FAE04EC0-301F-11D3-BF4B-00C04F79EFBC}") = "Cosmos.Business.Extensions.SMS.AliDayu.Tests", "tests\Cosmos.Business.Extensions.SMS.AliDayu.Tests\Cosmos.Business.Extensions.SMS.AliDayu.Tests.csproj", "{82CEFDE5-0E6B-4E49-B5E2-D6371F203B96}"
EndProject
Project("{FAE04EC0-301F-11D3-BF4B-00C04F79EFBC}") = "Cosmos.Business.Extensions.SMS.Aliyun.Tests", "tests\Cosmos.Business.Extensions.SMS.Aliyun.Tests\Cosmos.Business.Extensions.SMS.Aliyun.Tests.csproj", "{8F5A207F-F8AA-46CE-9674-2DC13C17F0B2}"
EndProject
Project("{FAE04EC0-301F-11D3-BF4B-00C04F79EFBC}") = "Cosmos.Business.Extensions.SMS.BaiduYun.Tests", "tests\Cosmos.Business.Extensions.SMS.BaiduYun.Tests\Cosmos.Business.Extensions.SMS.BaiduYun.Tests.csproj", "{B1492B03-2D0B-4061-8D75-3808A694B05C}"
EndProject
Project("{FAE04EC0-301F-11D3-BF4B-00C04F79EFBC}") = "Cosmos.Business.Extensions.SMS.Huaxin.Tests", "tests\Cosmos.Business.Extensions.SMS.Huaxin.Tests\Cosmos.Business.Extensions.SMS.Huaxin.Tests.csproj", "{B796343F-A2C1-43E3-88A5-C92AB683F153}"
EndProject
Project("{FAE04EC0-301F-11D3-BF4B-00C04F79EFBC}") = "Cosmos.Business.Extensions.SMS.Huyi.Tests", "tests\Cosmos.Business.Extensions.SMS.Huyi.Tests\Cosmos.Business.Extensions.SMS.Huyi.Tests.csproj", "{2326CEBA-DCBE-4107-9557-0E2FD2B8FCE3}"
EndProject
Project("{FAE04EC0-301F-11D3-BF4B-00C04F79EFBC}") = "Cosmos.Business.Extensions.SMS.Juhe.Tests", "tests\Cosmos.Business.Extensions.SMS.Juhe.Tests\Cosmos.Business.Extensions.SMS.Juhe.Tests.csproj", "{4970A2B3-A282-4846-B0A4-7F13A700C2D8}"
EndProject
Project("{FAE04EC0-301F-11D3-BF4B-00C04F79EFBC}") = "Cosmos.Business.Extensions.SMS.Luosimao.Tests", "tests\Cosmos.Business.Extensions.SMS.Luosimao.Tests\Cosmos.Business.Extensions.SMS.Luosimao.Tests.csproj", "{B2DB3B35-14D6-4A5B-A599-AA4E84A47BD4}"
EndProject
Project("{FAE04EC0-301F-11D3-BF4B-00C04F79EFBC}") = "Cosmos.Business.Extensions.SMS.RongCloud.Tests", "tests\Cosmos.Business.Extensions.SMS.RongCloud.Tests\Cosmos.Business.Extensions.SMS.RongCloud.Tests.csproj", "{14DDD740-B5F1-44A0-A84F-51A8E30CC68D}"
EndProject
Project("{FAE04EC0-301F-11D3-BF4B-00C04F79EFBC}") = "Cosmos.Business.Extensions.SMS.SubMail.Tests", "tests\Cosmos.Business.Extensions.SMS.SubMail.Tests\Cosmos.Business.Extensions.SMS.SubMail.Tests.csproj", "{D651EBBB-F085-4BE7-B93C-D620B97A058A}"
EndProject
Project("{FAE04EC0-301F-11D3-BF4B-00C04F79EFBC}") = "Cosmos.Business.Extensions.SMS.TencentCloud.Tests", "tests\Cosmos.Business.Extensions.SMS.TencentCloud.Tests\Cosmos.Business.Extensions.SMS.TencentCloud.Tests.csproj", "{D15715AE-C716-453F-A70E-28C8B1E83488}"
EndProject
Project("{FAE04EC0-301F-11D3-BF4B-00C04F79EFBC}") = "Cosmos.Business.Extensions.SMS.TianyiWuxian.Tests", "tests\Cosmos.Business.Extensions.SMS.TianyiWuxian.Tests\Cosmos.Business.Extensions.SMS.TianyiWuxian.Tests.csproj", "{8F3C5B8A-7752-45A2-8216-AFFA9D344314}"
EndProject
Project("{FAE04EC0-301F-11D3-BF4B-00C04F79EFBC}") = "Cosmos.Business.Extensions.SMS.Twilio.Tests", "tests\Cosmos.Business.Extensions.SMS.Twilio.Tests\Cosmos.Business.Extensions.SMS.Twilio.Tests.csproj", "{62197484-0A1D-479C-A888-2605D5FFBCBA}"
EndProject
Project("{FAE04EC0-301F-11D3-BF4B-00C04F79EFBC}") = "Cosmos.Business.Extensions.SMS.Weimi.Tests", "tests\Cosmos.Business.Extensions.SMS.Weimi.Tests\Cosmos.Business.Extensions.SMS.Weimi.Tests.csproj", "{EC6ECF87-FF1B-4C12-8AC0-EB0B2749271A}"
EndProject
Project("{FAE04EC0-301F-11D3-BF4B-00C04F79EFBC}") = "Cosmos.Business.Extensions.SMS.Yunpian.Tests", "tests\Cosmos.Business.Extensions.SMS.Yunpian.Tests\Cosmos.Business.Extensions.SMS.Yunpian.Tests.csproj", "{9C7C09E3-63D9-48C5-B19E-BCC7C8A08739}"
EndProject
Project("{FAE04EC0-301F-11D3-BF4B-00C04F79EFBC}") = "Cosmos.Business.Extensions.SMS.Yuntongxun.Tests", "tests\Cosmos.Business.Extensions.SMS.Yuntongxun.Tests\Cosmos.Business.Extensions.SMS.Yuntongxun.Tests.csproj", "{2F1AD515-6948-4916-9AE1-3052DB966B00}"
EndProject
Global
	GlobalSection(SolutionConfigurationPlatforms) = preSolution
		Debug|Any CPU = Debug|Any CPU
		Release|Any CPU = Release|Any CPU
	EndGlobalSection
	GlobalSection(ProjectConfigurationPlatforms) = postSolution
		{22444662-1567-442B-9A38-7F55CEB9DE28}.Debug|Any CPU.ActiveCfg = Debug|Any CPU
		{22444662-1567-442B-9A38-7F55CEB9DE28}.Debug|Any CPU.Build.0 = Debug|Any CPU
		{22444662-1567-442B-9A38-7F55CEB9DE28}.Release|Any CPU.ActiveCfg = Release|Any CPU
		{22444662-1567-442B-9A38-7F55CEB9DE28}.Release|Any CPU.Build.0 = Release|Any CPU
		{A760680F-8FFE-45BB-95DA-0EC5B59048BF}.Debug|Any CPU.ActiveCfg = Debug|Any CPU
		{A760680F-8FFE-45BB-95DA-0EC5B59048BF}.Debug|Any CPU.Build.0 = Debug|Any CPU
		{A760680F-8FFE-45BB-95DA-0EC5B59048BF}.Release|Any CPU.ActiveCfg = Release|Any CPU
		{A760680F-8FFE-45BB-95DA-0EC5B59048BF}.Release|Any CPU.Build.0 = Release|Any CPU
		{FB05BDF2-9CD1-4871-A3D6-2FB346AFD5E8}.Debug|Any CPU.ActiveCfg = Debug|Any CPU
		{FB05BDF2-9CD1-4871-A3D6-2FB346AFD5E8}.Debug|Any CPU.Build.0 = Debug|Any CPU
		{FB05BDF2-9CD1-4871-A3D6-2FB346AFD5E8}.Release|Any CPU.ActiveCfg = Release|Any CPU
		{FB05BDF2-9CD1-4871-A3D6-2FB346AFD5E8}.Release|Any CPU.Build.0 = Release|Any CPU
		{1E327F59-F426-466A-989B-95C8A6B220AD}.Debug|Any CPU.ActiveCfg = Debug|Any CPU
		{1E327F59-F426-466A-989B-95C8A6B220AD}.Debug|Any CPU.Build.0 = Debug|Any CPU
		{1E327F59-F426-466A-989B-95C8A6B220AD}.Release|Any CPU.ActiveCfg = Release|Any CPU
		{1E327F59-F426-466A-989B-95C8A6B220AD}.Release|Any CPU.Build.0 = Release|Any CPU
		{8808C9CB-E2E1-49FA-9399-696EEA8B4418}.Debug|Any CPU.ActiveCfg = Debug|Any CPU
		{8808C9CB-E2E1-49FA-9399-696EEA8B4418}.Debug|Any CPU.Build.0 = Debug|Any CPU
		{8808C9CB-E2E1-49FA-9399-696EEA8B4418}.Release|Any CPU.ActiveCfg = Release|Any CPU
		{8808C9CB-E2E1-49FA-9399-696EEA8B4418}.Release|Any CPU.Build.0 = Release|Any CPU
		{2B4E0E72-1229-449D-8F0C-01320ABF5479}.Debug|Any CPU.ActiveCfg = Debug|Any CPU
		{2B4E0E72-1229-449D-8F0C-01320ABF5479}.Debug|Any CPU.Build.0 = Debug|Any CPU
		{2B4E0E72-1229-449D-8F0C-01320ABF5479}.Release|Any CPU.ActiveCfg = Release|Any CPU
		{2B4E0E72-1229-449D-8F0C-01320ABF5479}.Release|Any CPU.Build.0 = Release|Any CPU
		{1FD97D6E-E302-46C2-B02B-46B2B0CAFAAF}.Debug|Any CPU.ActiveCfg = Debug|Any CPU
		{1FD97D6E-E302-46C2-B02B-46B2B0CAFAAF}.Debug|Any CPU.Build.0 = Debug|Any CPU
		{1FD97D6E-E302-46C2-B02B-46B2B0CAFAAF}.Release|Any CPU.ActiveCfg = Release|Any CPU
		{1FD97D6E-E302-46C2-B02B-46B2B0CAFAAF}.Release|Any CPU.Build.0 = Release|Any CPU
		{A4B012FB-42EB-41D3-AFA4-B31DBC47C5DC}.Debug|Any CPU.ActiveCfg = Debug|Any CPU
		{A4B012FB-42EB-41D3-AFA4-B31DBC47C5DC}.Debug|Any CPU.Build.0 = Debug|Any CPU
		{A4B012FB-42EB-41D3-AFA4-B31DBC47C5DC}.Release|Any CPU.ActiveCfg = Release|Any CPU
		{A4B012FB-42EB-41D3-AFA4-B31DBC47C5DC}.Release|Any CPU.Build.0 = Release|Any CPU
		{C666BE51-2361-41BB-8A14-3BD60BA04C19}.Debug|Any CPU.ActiveCfg = Debug|Any CPU
		{C666BE51-2361-41BB-8A14-3BD60BA04C19}.Debug|Any CPU.Build.0 = Debug|Any CPU
		{C666BE51-2361-41BB-8A14-3BD60BA04C19}.Release|Any CPU.ActiveCfg = Release|Any CPU
		{C666BE51-2361-41BB-8A14-3BD60BA04C19}.Release|Any CPU.Build.0 = Release|Any CPU
		{69DB1363-3891-4590-8B54-858B7A148A0E}.Debug|Any CPU.ActiveCfg = Debug|Any CPU
		{69DB1363-3891-4590-8B54-858B7A148A0E}.Debug|Any CPU.Build.0 = Debug|Any CPU
		{69DB1363-3891-4590-8B54-858B7A148A0E}.Release|Any CPU.ActiveCfg = Release|Any CPU
		{69DB1363-3891-4590-8B54-858B7A148A0E}.Release|Any CPU.Build.0 = Release|Any CPU
		{5E10A226-5418-40CA-B02D-95FD38DBE940}.Debug|Any CPU.ActiveCfg = Debug|Any CPU
		{5E10A226-5418-40CA-B02D-95FD38DBE940}.Debug|Any CPU.Build.0 = Debug|Any CPU
		{5E10A226-5418-40CA-B02D-95FD38DBE940}.Release|Any CPU.ActiveCfg = Release|Any CPU
		{5E10A226-5418-40CA-B02D-95FD38DBE940}.Release|Any CPU.Build.0 = Release|Any CPU
		{B3D01BB0-4588-48F1-B74E-1A2CED6398A7}.Debug|Any CPU.ActiveCfg = Debug|Any CPU
		{B3D01BB0-4588-48F1-B74E-1A2CED6398A7}.Debug|Any CPU.Build.0 = Debug|Any CPU
		{B3D01BB0-4588-48F1-B74E-1A2CED6398A7}.Release|Any CPU.ActiveCfg = Release|Any CPU
		{B3D01BB0-4588-48F1-B74E-1A2CED6398A7}.Release|Any CPU.Build.0 = Release|Any CPU
		{6CDC2199-87A0-4326-AAE2-DD006335E96C}.Debug|Any CPU.ActiveCfg = Debug|Any CPU
		{6CDC2199-87A0-4326-AAE2-DD006335E96C}.Debug|Any CPU.Build.0 = Debug|Any CPU
		{6CDC2199-87A0-4326-AAE2-DD006335E96C}.Release|Any CPU.ActiveCfg = Release|Any CPU
		{6CDC2199-87A0-4326-AAE2-DD006335E96C}.Release|Any CPU.Build.0 = Release|Any CPU
		{74C0C795-8D04-428A-BB1D-4A1F918FC87D}.Debug|Any CPU.ActiveCfg = Debug|Any CPU
		{74C0C795-8D04-428A-BB1D-4A1F918FC87D}.Debug|Any CPU.Build.0 = Debug|Any CPU
		{74C0C795-8D04-428A-BB1D-4A1F918FC87D}.Release|Any CPU.ActiveCfg = Release|Any CPU
		{74C0C795-8D04-428A-BB1D-4A1F918FC87D}.Release|Any CPU.Build.0 = Release|Any CPU
		{42EA0040-BCD2-4228-B443-0B5387DEE3E8}.Debug|Any CPU.ActiveCfg = Debug|Any CPU
		{42EA0040-BCD2-4228-B443-0B5387DEE3E8}.Debug|Any CPU.Build.0 = Debug|Any CPU
		{42EA0040-BCD2-4228-B443-0B5387DEE3E8}.Release|Any CPU.ActiveCfg = Release|Any CPU
		{42EA0040-BCD2-4228-B443-0B5387DEE3E8}.Release|Any CPU.Build.0 = Release|Any CPU
		{2513FC3A-AFEA-4436-8067-F969D6DF7BD2}.Debug|Any CPU.ActiveCfg = Debug|Any CPU
		{2513FC3A-AFEA-4436-8067-F969D6DF7BD2}.Debug|Any CPU.Build.0 = Debug|Any CPU
		{2513FC3A-AFEA-4436-8067-F969D6DF7BD2}.Release|Any CPU.ActiveCfg = Release|Any CPU
		{2513FC3A-AFEA-4436-8067-F969D6DF7BD2}.Release|Any CPU.Build.0 = Release|Any CPU
		{1A5EE1C5-7FFC-40E9-865E-3759BBA9EA9A}.Debug|Any CPU.ActiveCfg = Debug|Any CPU
		{1A5EE1C5-7FFC-40E9-865E-3759BBA9EA9A}.Debug|Any CPU.Build.0 = Debug|Any CPU
		{1A5EE1C5-7FFC-40E9-865E-3759BBA9EA9A}.Release|Any CPU.ActiveCfg = Release|Any CPU
		{1A5EE1C5-7FFC-40E9-865E-3759BBA9EA9A}.Release|Any CPU.Build.0 = Release|Any CPU
		{BA830AE8-2B2B-471D-87E7-192E1D065B8D}.Debug|Any CPU.ActiveCfg = Debug|Any CPU
		{BA830AE8-2B2B-471D-87E7-192E1D065B8D}.Debug|Any CPU.Build.0 = Debug|Any CPU
		{BA830AE8-2B2B-471D-87E7-192E1D065B8D}.Release|Any CPU.ActiveCfg = Release|Any CPU
		{BA830AE8-2B2B-471D-87E7-192E1D065B8D}.Release|Any CPU.Build.0 = Release|Any CPU
		{FDCDE1AA-3B2A-430D-B152-5728C1142FB3}.Debug|Any CPU.ActiveCfg = Debug|Any CPU
		{FDCDE1AA-3B2A-430D-B152-5728C1142FB3}.Debug|Any CPU.Build.0 = Debug|Any CPU
		{FDCDE1AA-3B2A-430D-B152-5728C1142FB3}.Release|Any CPU.ActiveCfg = Release|Any CPU
		{FDCDE1AA-3B2A-430D-B152-5728C1142FB3}.Release|Any CPU.Build.0 = Release|Any CPU
		{43834C9B-D4F2-4956-B215-6BDCDF6D262A}.Debug|Any CPU.ActiveCfg = Debug|Any CPU
		{43834C9B-D4F2-4956-B215-6BDCDF6D262A}.Debug|Any CPU.Build.0 = Debug|Any CPU
		{43834C9B-D4F2-4956-B215-6BDCDF6D262A}.Release|Any CPU.ActiveCfg = Release|Any CPU
		{43834C9B-D4F2-4956-B215-6BDCDF6D262A}.Release|Any CPU.Build.0 = Release|Any CPU
		{82CEFDE5-0E6B-4E49-B5E2-D6371F203B96}.Debug|Any CPU.ActiveCfg = Debug|Any CPU
		{82CEFDE5-0E6B-4E49-B5E2-D6371F203B96}.Debug|Any CPU.Build.0 = Debug|Any CPU
		{82CEFDE5-0E6B-4E49-B5E2-D6371F203B96}.Release|Any CPU.ActiveCfg = Release|Any CPU
		{82CEFDE5-0E6B-4E49-B5E2-D6371F203B96}.Release|Any CPU.Build.0 = Release|Any CPU
		{8F5A207F-F8AA-46CE-9674-2DC13C17F0B2}.Debug|Any CPU.ActiveCfg = Debug|Any CPU
		{8F5A207F-F8AA-46CE-9674-2DC13C17F0B2}.Debug|Any CPU.Build.0 = Debug|Any CPU
		{8F5A207F-F8AA-46CE-9674-2DC13C17F0B2}.Release|Any CPU.ActiveCfg = Release|Any CPU
		{8F5A207F-F8AA-46CE-9674-2DC13C17F0B2}.Release|Any CPU.Build.0 = Release|Any CPU
		{B1492B03-2D0B-4061-8D75-3808A694B05C}.Debug|Any CPU.ActiveCfg = Debug|Any CPU
		{B1492B03-2D0B-4061-8D75-3808A694B05C}.Debug|Any CPU.Build.0 = Debug|Any CPU
		{B1492B03-2D0B-4061-8D75-3808A694B05C}.Release|Any CPU.ActiveCfg = Release|Any CPU
		{B1492B03-2D0B-4061-8D75-3808A694B05C}.Release|Any CPU.Build.0 = Release|Any CPU
		{B796343F-A2C1-43E3-88A5-C92AB683F153}.Debug|Any CPU.ActiveCfg = Debug|Any CPU
		{B796343F-A2C1-43E3-88A5-C92AB683F153}.Debug|Any CPU.Build.0 = Debug|Any CPU
		{B796343F-A2C1-43E3-88A5-C92AB683F153}.Release|Any CPU.ActiveCfg = Release|Any CPU
		{B796343F-A2C1-43E3-88A5-C92AB683F153}.Release|Any CPU.Build.0 = Release|Any CPU
		{2326CEBA-DCBE-4107-9557-0E2FD2B8FCE3}.Debug|Any CPU.ActiveCfg = Debug|Any CPU
		{2326CEBA-DCBE-4107-9557-0E2FD2B8FCE3}.Debug|Any CPU.Build.0 = Debug|Any CPU
		{2326CEBA-DCBE-4107-9557-0E2FD2B8FCE3}.Release|Any CPU.ActiveCfg = Release|Any CPU
		{2326CEBA-DCBE-4107-9557-0E2FD2B8FCE3}.Release|Any CPU.Build.0 = Release|Any CPU
		{4970A2B3-A282-4846-B0A4-7F13A700C2D8}.Debug|Any CPU.ActiveCfg = Debug|Any CPU
		{4970A2B3-A282-4846-B0A4-7F13A700C2D8}.Debug|Any CPU.Build.0 = Debug|Any CPU
		{4970A2B3-A282-4846-B0A4-7F13A700C2D8}.Release|Any CPU.ActiveCfg = Release|Any CPU
		{4970A2B3-A282-4846-B0A4-7F13A700C2D8}.Release|Any CPU.Build.0 = Release|Any CPU
		{B2DB3B35-14D6-4A5B-A599-AA4E84A47BD4}.Debug|Any CPU.ActiveCfg = Debug|Any CPU
		{B2DB3B35-14D6-4A5B-A599-AA4E84A47BD4}.Debug|Any CPU.Build.0 = Debug|Any CPU
		{B2DB3B35-14D6-4A5B-A599-AA4E84A47BD4}.Release|Any CPU.ActiveCfg = Release|Any CPU
		{B2DB3B35-14D6-4A5B-A599-AA4E84A47BD4}.Release|Any CPU.Build.0 = Release|Any CPU
		{14DDD740-B5F1-44A0-A84F-51A8E30CC68D}.Debug|Any CPU.ActiveCfg = Debug|Any CPU
		{14DDD740-B5F1-44A0-A84F-51A8E30CC68D}.Debug|Any CPU.Build.0 = Debug|Any CPU
		{14DDD740-B5F1-44A0-A84F-51A8E30CC68D}.Release|Any CPU.ActiveCfg = Release|Any CPU
		{14DDD740-B5F1-44A0-A84F-51A8E30CC68D}.Release|Any CPU.Build.0 = Release|Any CPU
		{D651EBBB-F085-4BE7-B93C-D620B97A058A}.Debug|Any CPU.ActiveCfg = Debug|Any CPU
		{D651EBBB-F085-4BE7-B93C-D620B97A058A}.Debug|Any CPU.Build.0 = Debug|Any CPU
		{D651EBBB-F085-4BE7-B93C-D620B97A058A}.Release|Any CPU.ActiveCfg = Release|Any CPU
		{D651EBBB-F085-4BE7-B93C-D620B97A058A}.Release|Any CPU.Build.0 = Release|Any CPU
		{D15715AE-C716-453F-A70E-28C8B1E83488}.Debug|Any CPU.ActiveCfg = Debug|Any CPU
		{D15715AE-C716-453F-A70E-28C8B1E83488}.Debug|Any CPU.Build.0 = Debug|Any CPU
		{D15715AE-C716-453F-A70E-28C8B1E83488}.Release|Any CPU.ActiveCfg = Release|Any CPU
		{D15715AE-C716-453F-A70E-28C8B1E83488}.Release|Any CPU.Build.0 = Release|Any CPU
		{8F3C5B8A-7752-45A2-8216-AFFA9D344314}.Debug|Any CPU.ActiveCfg = Debug|Any CPU
		{8F3C5B8A-7752-45A2-8216-AFFA9D344314}.Debug|Any CPU.Build.0 = Debug|Any CPU
		{8F3C5B8A-7752-45A2-8216-AFFA9D344314}.Release|Any CPU.ActiveCfg = Release|Any CPU
		{8F3C5B8A-7752-45A2-8216-AFFA9D344314}.Release|Any CPU.Build.0 = Release|Any CPU
		{62197484-0A1D-479C-A888-2605D5FFBCBA}.Debug|Any CPU.ActiveCfg = Debug|Any CPU
		{62197484-0A1D-479C-A888-2605D5FFBCBA}.Debug|Any CPU.Build.0 = Debug|Any CPU
		{62197484-0A1D-479C-A888-2605D5FFBCBA}.Release|Any CPU.ActiveCfg = Release|Any CPU
		{62197484-0A1D-479C-A888-2605D5FFBCBA}.Release|Any CPU.Build.0 = Release|Any CPU
		{EC6ECF87-FF1B-4C12-8AC0-EB0B2749271A}.Debug|Any CPU.ActiveCfg = Debug|Any CPU
		{EC6ECF87-FF1B-4C12-8AC0-EB0B2749271A}.Debug|Any CPU.Build.0 = Debug|Any CPU
		{EC6ECF87-FF1B-4C12-8AC0-EB0B2749271A}.Release|Any CPU.ActiveCfg = Release|Any CPU
		{EC6ECF87-FF1B-4C12-8AC0-EB0B2749271A}.Release|Any CPU.Build.0 = Release|Any CPU
		{9C7C09E3-63D9-48C5-B19E-BCC7C8A08739}.Debug|Any CPU.ActiveCfg = Debug|Any CPU
		{9C7C09E3-63D9-48C5-B19E-BCC7C8A08739}.Debug|Any CPU.Build.0 = Debug|Any CPU
		{9C7C09E3-63D9-48C5-B19E-BCC7C8A08739}.Release|Any CPU.ActiveCfg = Release|Any CPU
		{9C7C09E3-63D9-48C5-B19E-BCC7C8A08739}.Release|Any CPU.Build.0 = Release|Any CPU
		{2F1AD515-6948-4916-9AE1-3052DB966B00}.Debug|Any CPU.ActiveCfg = Debug|Any CPU
		{2F1AD515-6948-4916-9AE1-3052DB966B00}.Debug|Any CPU.Build.0 = Debug|Any CPU
		{2F1AD515-6948-4916-9AE1-3052DB966B00}.Release|Any CPU.ActiveCfg = Release|Any CPU
		{2F1AD515-6948-4916-9AE1-3052DB966B00}.Release|Any CPU.Build.0 = Release|Any CPU
	EndGlobalSection
	GlobalSection(SolutionProperties) = preSolution
		HideSolutionNode = FALSE
	EndGlobalSection
	GlobalSection(NestedProjects) = preSolution
		{A760680F-8FFE-45BB-95DA-0EC5B59048BF} = {7F2B51E5-EF3E-499C-8794-BC85233D854E}
		{FB05BDF2-9CD1-4871-A3D6-2FB346AFD5E8} = {FD180CE3-384B-4A03-B2D2-AC18ADAF2E7F}
		{1E327F59-F426-466A-989B-95C8A6B220AD} = {7F2B51E5-EF3E-499C-8794-BC85233D854E}
		{8808C9CB-E2E1-49FA-9399-696EEA8B4418} = {FD180CE3-384B-4A03-B2D2-AC18ADAF2E7F}
		{2B4E0E72-1229-449D-8F0C-01320ABF5479} = {7F2B51E5-EF3E-499C-8794-BC85233D854E}
		{7F2670DE-BE26-48FE-A6EA-34D6263A18EB} = {7F2B51E5-EF3E-499C-8794-BC85233D854E}
		{22444662-1567-442B-9A38-7F55CEB9DE28} = {7F2670DE-BE26-48FE-A6EA-34D6263A18EB}
		{1FD97D6E-E302-46C2-B02B-46B2B0CAFAAF} = {7F2B51E5-EF3E-499C-8794-BC85233D854E}
		{A4B012FB-42EB-41D3-AFA4-B31DBC47C5DC} = {7F2B51E5-EF3E-499C-8794-BC85233D854E}
		{C666BE51-2361-41BB-8A14-3BD60BA04C19} = {7F2B51E5-EF3E-499C-8794-BC85233D854E}
		{69DB1363-3891-4590-8B54-858B7A148A0E} = {7F2B51E5-EF3E-499C-8794-BC85233D854E}
		{5E10A226-5418-40CA-B02D-95FD38DBE940} = {7F2B51E5-EF3E-499C-8794-BC85233D854E}
		{B3D01BB0-4588-48F1-B74E-1A2CED6398A7} = {7F2B51E5-EF3E-499C-8794-BC85233D854E}
		{6CDC2199-87A0-4326-AAE2-DD006335E96C} = {7F2B51E5-EF3E-499C-8794-BC85233D854E}
		{74C0C795-8D04-428A-BB1D-4A1F918FC87D} = {7F2B51E5-EF3E-499C-8794-BC85233D854E}
		{42EA0040-BCD2-4228-B443-0B5387DEE3E8} = {7F2B51E5-EF3E-499C-8794-BC85233D854E}
		{2513FC3A-AFEA-4436-8067-F969D6DF7BD2} = {7F2B51E5-EF3E-499C-8794-BC85233D854E}
		{1A5EE1C5-7FFC-40E9-865E-3759BBA9EA9A} = {7F2B51E5-EF3E-499C-8794-BC85233D854E}
		{BA830AE8-2B2B-471D-87E7-192E1D065B8D} = {7F2B51E5-EF3E-499C-8794-BC85233D854E}
		{FDCDE1AA-3B2A-430D-B152-5728C1142FB3} = {7F2B51E5-EF3E-499C-8794-BC85233D854E}
		{43834C9B-D4F2-4956-B215-6BDCDF6D262A} = {7F2B51E5-EF3E-499C-8794-BC85233D854E}
		{82CEFDE5-0E6B-4E49-B5E2-D6371F203B96} = {FD180CE3-384B-4A03-B2D2-AC18ADAF2E7F}
		{8F5A207F-F8AA-46CE-9674-2DC13C17F0B2} = {FD180CE3-384B-4A03-B2D2-AC18ADAF2E7F}
		{B1492B03-2D0B-4061-8D75-3808A694B05C} = {FD180CE3-384B-4A03-B2D2-AC18ADAF2E7F}
		{B796343F-A2C1-43E3-88A5-C92AB683F153} = {FD180CE3-384B-4A03-B2D2-AC18ADAF2E7F}
		{2326CEBA-DCBE-4107-9557-0E2FD2B8FCE3} = {FD180CE3-384B-4A03-B2D2-AC18ADAF2E7F}
		{4970A2B3-A282-4846-B0A4-7F13A700C2D8} = {FD180CE3-384B-4A03-B2D2-AC18ADAF2E7F}
		{B2DB3B35-14D6-4A5B-A599-AA4E84A47BD4} = {FD180CE3-384B-4A03-B2D2-AC18ADAF2E7F}
		{14DDD740-B5F1-44A0-A84F-51A8E30CC68D} = {FD180CE3-384B-4A03-B2D2-AC18ADAF2E7F}
		{D651EBBB-F085-4BE7-B93C-D620B97A058A} = {FD180CE3-384B-4A03-B2D2-AC18ADAF2E7F}
		{D15715AE-C716-453F-A70E-28C8B1E83488} = {FD180CE3-384B-4A03-B2D2-AC18ADAF2E7F}
		{8F3C5B8A-7752-45A2-8216-AFFA9D344314} = {FD180CE3-384B-4A03-B2D2-AC18ADAF2E7F}
		{62197484-0A1D-479C-A888-2605D5FFBCBA} = {FD180CE3-384B-4A03-B2D2-AC18ADAF2E7F}
		{EC6ECF87-FF1B-4C12-8AC0-EB0B2749271A} = {FD180CE3-384B-4A03-B2D2-AC18ADAF2E7F}
		{9C7C09E3-63D9-48C5-B19E-BCC7C8A08739} = {FD180CE3-384B-4A03-B2D2-AC18ADAF2E7F}
		{2F1AD515-6948-4916-9AE1-3052DB966B00} = {FD180CE3-384B-4A03-B2D2-AC18ADAF2E7F}
	EndGlobalSection
	GlobalSection(ExtensibilityGlobals) = postSolution
		SolutionGuid = {397F2541-42DD-474F-AE9D-4CF4D8610823}
	EndGlobalSection
EndGlobal
